
Microsoft Visual Studio Solution File, Format Version 12.00
# Visual Studio Version 17
VisualStudioVersion = 17.3.32929.385
MinimumVisualStudioVersion = 10.0.40219.1
Project("{FAE04EC0-301F-11D3-BF4B-00C04F79EFBC}") = "test_authentication", "..\test_authentication\test_authentication.csproj", "{FB8D4703-6598-4B0D-B70E-34EB47123267}"
EndProject
Global
	GlobalSection(SolutionConfigurationPlatforms) = preSolution
		Debug|Any CPU = Debug|Any CPU
		Release|Any CPU = Release|Any CPU
	EndGlobalSection
	GlobalSection(ProjectConfigurationPlatforms) = postSolution
		{FB8D4703-6598-4B0D-B70E-34EB47123267}.Debug|Any CPU.ActiveCfg = Debug|Any CPU
		{FB8D4703-6598-4B0D-B70E-34EB47123267}.Debug|Any CPU.Build.0 = Debug|Any CPU
		{FB8D4703-6598-4B0D-B70E-34EB47123267}.Release|Any CPU.ActiveCfg = Release|Any CPU
		{FB8D4703-6598-4B0D-B70E-34EB47123267}.Release|Any CPU.Build.0 = Release|Any CPU
	EndGlobalSection
	GlobalSection(SolutionProperties) = preSolution
		HideSolutionNode = FALSE
	EndGlobalSection
	GlobalSection(ExtensibilityGlobals) = postSolution
		SolutionGuid = {B48BA0A9-A150-4C29-96B4-9B803E2F708D}
	EndGlobalSection
EndGlobal
